
Microsoft Visual Studio Solution File, Format Version 12.00
# Visual Studio Version 16
VisualStudioVersion = 16.0.29411.108
MinimumVisualStudioVersion = 10.0.40219.1
Project("{FAE04EC0-301F-11D3-BF4B-00C04F79EFBC}") = "Crwating_Mock_Object_Using_Moq5_9", "Crwating_Mock_Object_Using_Moq5_9\Crwating_Mock_Object_Using_Moq5_9.csproj", "{E2794631-5FCF-451A-8960-5A86036BEC4C}"
EndProject
Project("{FAE04EC0-301F-11D3-BF4B-00C04F79EFBC}") = "VideoServiceTests5_9", "VideoServiceTests5_9\VideoServiceTests5_9.csproj", "{FC2447F1-3208-426D-B6FD-B76B75661276}"
EndProject
Global
	GlobalSection(SolutionConfigurationPlatforms) = preSolution
		Debug|Any CPU = Debug|Any CPU
		Release|Any CPU = Release|Any CPU
	EndGlobalSection
	GlobalSection(ProjectConfigurationPlatforms) = postSolution
		{E2794631-5FCF-451A-8960-5A86036BEC4C}.Debug|Any CPU.ActiveCfg = Debug|Any CPU
		{E2794631-5FCF-451A-8960-5A86036BEC4C}.Debug|Any CPU.Build.0 = Debug|Any CPU
		{E2794631-5FCF-451A-8960-5A86036BEC4C}.Release|Any CPU.ActiveCfg = Release|Any CPU
		{E2794631-5FCF-451A-8960-5A86036BEC4C}.Release|Any CPU.Build.0 = Release|Any CPU
		{FC2447F1-3208-426D-B6FD-B76B75661276}.Debug|Any CPU.ActiveCfg = Debug|Any CPU
		{FC2447F1-3208-426D-B6FD-B76B75661276}.Debug|Any CPU.Build.0 = Debug|Any CPU
		{FC2447F1-3208-426D-B6FD-B76B75661276}.Release|Any CPU.ActiveCfg = Release|Any CPU
		{FC2447F1-3208-426D-B6FD-B76B75661276}.Release|Any CPU.Build.0 = Release|Any CPU
	EndGlobalSection
	GlobalSection(SolutionProperties) = preSolution
		HideSolutionNode = FALSE
	EndGlobalSection
	GlobalSection(ExtensibilityGlobals) = postSolution
		SolutionGuid = {4EDF350F-846E-4B6C-8B1E-F1C14C4C3A2C}
	EndGlobalSection
EndGlobal
